
Microsoft Visual Studio Solution File, Format Version 12.00
# Visual Studio 15
Project("{FAE04EC0-301F-11D3-BF4B-00C04F79EFBC}") = "UnityEngine.TestRunner", "UnityEngine.TestRunner.csproj", "{D83885E0-9706-01D8-7610-3EA237BBA93E}"
EndProject
Project("{FAE04EC0-301F-11D3-BF4B-00C04F79EFBC}") = "Unity.Mathematics", "Unity.Mathematics.csproj", "{75944429-2AC5-02FB-B2CF-C0F7E2D5FACA}"
EndProject
Project("{FAE04EC0-301F-11D3-BF4B-00C04F79EFBC}") = "Unity.2D.Animation.Triangle.Runtime", "Unity.2D.Animation.Triangle.Runtime.csproj", "{585D3CB9-9FB7-6BF3-B8AC-DA1BBBBCE31B}"
EndProject
Project("{FAE04EC0-301F-11D3-BF4B-00C04F79EFBC}") = "Unity.Timeline", "Unity.Timeline.csproj", "{809B3E63-0C6B-82E8-0EE2-09131210E54B}"
EndProject
Project("{FAE04EC0-301F-11D3-BF4B-00C04F79EFBC}") = "UnityEngine.UI", "UnityEngine.UI.csproj", "{C748F898-5753-D8F2-CAA2-9D549A2F4EA8}"
EndProject
Project("{FAE04EC0-301F-11D3-BF4B-00C04F79EFBC}") = "Unity.TextMeshPro", "Unity.TextMeshPro.csproj", "{C3AF4E66-E622-58B9-BF8D-713B55FC6C0D}"
EndProject
Project("{FAE04EC0-301F-11D3-BF4B-00C04F79EFBC}") = "Unity.2D.Animation.Runtime", "Unity.2D.Animation.Runtime.csproj", "{68D02028-222E-C7CC-A0A7-CB5A16CFF916}"
EndProject
Project("{FAE04EC0-301F-11D3-BF4B-00C04F79EFBC}") = "Unity.2D.IK.Runtime", "Unity.2D.IK.Runtime.csproj", "{4484A67E-913A-BB4F-83A5-710CBB22616E}"
EndProject
Project("{FAE04EC0-301F-11D3-BF4B-00C04F79EFBC}") = "Unity.2D.SpriteShape.Runtime", "Unity.2D.SpriteShape.Runtime.csproj", "{C8ECAA50-28D4-7711-BB81-6F2B711AE958}"
EndProject
Project("{FAE04EC0-301F-11D3-BF4B-00C04F79EFBC}") = "Assembly-CSharp", "Assembly-CSharp.csproj", "{D29EA09A-A0CA-23F5-8D51-0B2E3099EE47}"
EndProject
Project("{FAE04EC0-301F-11D3-BF4B-00C04F79EFBC}") = "Unity.2D.PixelPerfect", "Unity.2D.PixelPerfect.csproj", "{EAEEF70F-CD89-22F3-B4C0-7E237D5B9A6A}"
EndProject
Project("{FAE04EC0-301F-11D3-BF4B-00C04F79EFBC}") = "Unity.2D.Common.Runtime", "Unity.2D.Common.Runtime.csproj", "{263FB119-BEF3-69BE-3147-2169AF76A101}"
EndProject
Project("{FAE04EC0-301F-11D3-BF4B-00C04F79EFBC}") = "Unity.InternalAPIEngineBridge.001", "Unity.InternalAPIEngineBridge.001.csproj", "{2D4C8902-E5E8-7871-8779-3E6668AF4B4E}"
EndProject
Project("{FAE04EC0-301F-11D3-BF4B-00C04F79EFBC}") = "UnityEditor.TestRunner", "UnityEditor.TestRunner.csproj", "{0094BE06-6B6E-C89D-62B6-C4EB8656F52C}"
EndProject
Project("{FAE04EC0-301F-11D3-BF4B-00C04F79EFBC}") = "Unity.PlasticSCM.Editor", "Unity.PlasticSCM.Editor.csproj", "{3D7E134F-B5F2-CE50-3FD6-8DB51F885E75}"
EndProject
Project("{FAE04EC0-301F-11D3-BF4B-00C04F79EFBC}") = "UnityEditor.UI", "UnityEditor.UI.csproj", "{73722917-65D8-E82F-E693-8DDD090EC4B3}"
EndProject
Project("{FAE04EC0-301F-11D3-BF4B-00C04F79EFBC}") = "Unity.Timeline.Editor", "Unity.Timeline.Editor.csproj", "{A7780DD3-51B7-2F27-0B9C-14E4A44D990D}"
EndProject
Project("{FAE04EC0-301F-11D3-BF4B-00C04F79EFBC}") = "Unity.VisualStudio.Editor", "Unity.VisualStudio.Editor.csproj", "{F4D4D8C2-8ECB-6D49-20EE-F2D7C97E5FE0}"
EndProject
Project("{FAE04EC0-301F-11D3-BF4B-00C04F79EFBC}") = "Unity.2D.Psdimporter.Editor", "Unity.2D.Psdimporter.Editor.csproj", "{05506D3C-A1A9-8616-BA86-0587A10A65CF}"
EndProject
Project("{FAE04EC0-301F-11D3-BF4B-00C04F79EFBC}") = "Unity.2D.Animation.Editor", "Unity.2D.Animation.Editor.csproj", "{C2A8197A-43A4-0E12-F19C-B876225FF6C4}"
EndProject
Project("{FAE04EC0-301F-11D3-BF4B-00C04F79EFBC}") = "Unity.TextMeshPro.Editor", "Unity.TextMeshPro.Editor.csproj", "{BF2E8DC9-EDC6-FBCD-181A-ECD4F166FA1A}"
EndProject
Project("{FAE04EC0-301F-11D3-BF4B-00C04F79EFBC}") = "Unity.2D.SpriteShape.Editor", "Unity.2D.SpriteShape.Editor.csproj", "{09FCD04B-DE9E-A165-BFD3-FD03F8CB9325}"
EndProject
Project("{FAE04EC0-301F-11D3-BF4B-00C04F79EFBC}") = "Unity.CollabProxy.Editor", "Unity.CollabProxy.Editor.csproj", "{C5F009D1-C21A-A1AB-23C9-2C6D4AD4F727}"
EndProject
Project("{FAE04EC0-301F-11D3-BF4B-00C04F79EFBC}") = "PsdPlugin", "PsdPlugin.csproj", "{6DCA65DF-D2F3-4F8B-7501-E5823920FF52}"
EndProject
Project("{FAE04EC0-301F-11D3-BF4B-00C04F79EFBC}") = "Unity.2D.Path.Editor", "Unity.2D.Path.Editor.csproj", "{031275DE-499C-BE3C-DF41-369B49D51AB0}"
EndProject
Project("{FAE04EC0-301F-11D3-BF4B-00C04F79EFBC}") = "Unity.Rider.Editor", "Unity.Rider.Editor.csproj", "{978C0F72-297C-E828-2D61-3F54F3115998}"
EndProject
Project("{FAE04EC0-301F-11D3-BF4B-00C04F79EFBC}") = "Unity.2D.IK.Editor", "Unity.2D.IK.Editor.csproj", "{E3D94103-1BDC-D307-6537-31F5AF9E38A4}"
EndProject
Project("{FAE04EC0-301F-11D3-BF4B-00C04F79EFBC}") = "Unity.2D.Sprite.Editor", "Unity.2D.Sprite.Editor.csproj", "{5EF711AC-6B17-3C0B-DAA8-5FF4B1C8B608}"
EndProject
Project("{FAE04EC0-301F-11D3-BF4B-00C04F79EFBC}") = "Unity.2D.Tilemap.Editor", "Unity.2D.Tilemap.Editor.csproj", "{539A00AB-AEC8-C267-8FE2-4CDC138EDB2D}"
EndProject
Project("{FAE04EC0-301F-11D3-BF4B-00C04F79EFBC}") = "Unity.2D.PixelPerfect.Editor", "Unity.2D.PixelPerfect.Editor.csproj", "{855F82C2-E9F7-76D1-73D9-DA294716AAE6}"
EndProject
Project("{FAE04EC0-301F-11D3-BF4B-00C04F79EFBC}") = "Unity.VSCode.Editor", "Unity.VSCode.Editor.csproj", "{D0F11ECC-D191-9548-57EF-1719FE746AA4}"
EndProject
Project("{FAE04EC0-301F-11D3-BF4B-00C04F79EFBC}") = "Unity.2D.Common.Editor", "Unity.2D.Common.Editor.csproj", "{B5877545-15AD-5357-E66E-06A669836894}"
EndProject
Project("{FAE04EC0-301F-11D3-BF4B-00C04F79EFBC}") = "Unity.Mathematics.Editor", "Unity.Mathematics.Editor.csproj", "{3214F16F-1884-1F2E-54A3-C5A28C741EBF}"
EndProject
Project("{FAE04EC0-301F-11D3-BF4B-00C04F79EFBC}") = "Unity.InternalAPIEditorBridge.001", "Unity.InternalAPIEditorBridge.001.csproj", "{5B3FD80F-7881-C543-4B7C-F091C24107B8}"
EndProject
Project("{FAE04EC0-301F-11D3-BF4B-00C04F79EFBC}") = "UnityEngine.TestRunner", "UnityEngine.TestRunner.Player.csproj", "{37ED6369-0412-6CF5-996F-F489DE42A337}"
EndProject
Project("{FAE04EC0-301F-11D3-BF4B-00C04F79EFBC}") = "Unity.Mathematics", "Unity.Mathematics.Player.csproj", "{5B31A372-B219-0B93-10E8-70C21A4809BD}"
EndProject
Project("{FAE04EC0-301F-11D3-BF4B-00C04F79EFBC}") = "Unity.2D.Animation.Triangle.Runtime", "Unity.2D.Animation.Triangle.Runtime.Player.csproj", "{76DD8750-2C4B-DD2D-D79A-9333DBAAB799}"
EndProject
Project("{FAE04EC0-301F-11D3-BF4B-00C04F79EFBC}") = "Unity.Timeline", "Unity.Timeline.Player.csproj", "{0784BB37-2D22-27FC-2111-F0DA8599774D}"
EndProject
Project("{FAE04EC0-301F-11D3-BF4B-00C04F79EFBC}") = "UnityEngine.UI", "UnityEngine.UI.Player.csproj", "{0F0FA885-933E-45DB-C1F8-0B95FCACBC0A}"
EndProject
Project("{FAE04EC0-301F-11D3-BF4B-00C04F79EFBC}") = "Unity.TextMeshPro", "Unity.TextMeshPro.Player.csproj", "{EB0E5E07-7BAC-BDF2-D513-3F21A5E87487}"
EndProject
Project("{FAE04EC0-301F-11D3-BF4B-00C04F79EFBC}") = "Unity.2D.Animation.Runtime", "Unity.2D.Animation.Runtime.Player.csproj", "{AD672966-7293-B7DA-1570-590264921A3A}"
EndProject
Project("{FAE04EC0-301F-11D3-BF4B-00C04F79EFBC}") = "Unity.2D.IK.Runtime", "Unity.2D.IK.Runtime.Player.csproj", "{57301946-AC7A-25A3-A0A6-E05D821683A8}"
EndProject
Project("{FAE04EC0-301F-11D3-BF4B-00C04F79EFBC}") = "Unity.2D.SpriteShape.Runtime", "Unity.2D.SpriteShape.Runtime.Player.csproj", "{9B127C61-4BED-885A-0709-56E75E85D0DB}"
EndProject
Project("{FAE04EC0-301F-11D3-BF4B-00C04F79EFBC}") = "Assembly-CSharp", "Assembly-CSharp.Player.csproj", "{C3C928D2-D344-BFEC-1FAF-330081E23C9B}"
EndProject
Project("{FAE04EC0-301F-11D3-BF4B-00C04F79EFBC}") = "Unity.2D.PixelPerfect", "Unity.2D.PixelPerfect.Player.csproj", "{E15A7AD9-BA4B-AA5D-CA2E-98FB34E4F412}"
EndProject
Project("{FAE04EC0-301F-11D3-BF4B-00C04F79EFBC}") = "Unity.2D.Common.Runtime", "Unity.2D.Common.Runtime.Player.csproj", "{724901CD-BA1B-1388-502A-3F6F908164F6}"
EndProject
Project("{FAE04EC0-301F-11D3-BF4B-00C04F79EFBC}") = "Unity.InternalAPIEngineBridge.001", "Unity.InternalAPIEngineBridge.001.Player.csproj", "{E226B13F-7D6D-EC3C-D200-37507865AB00}"
EndProject
Global
	GlobalSection(SolutionConfigurationPlatforms) = preSolution
		Debug|Any CPU = Debug|Any CPU
		Release|Any CPU = Release|Any CPU
	EndGlobalSection
	GlobalSection(ProjectConfigurationPlatforms) = postSolution
		{D83885E0-9706-01D8-7610-3EA237BBA93E}.Debug|Any CPU.ActiveCfg = Debug|Any CPU
		{D83885E0-9706-01D8-7610-3EA237BBA93E}.Debug|Any CPU.Build.0 = Debug|Any CPU
		{D83885E0-9706-01D8-7610-3EA237BBA93E}.Release|Any CPU.ActiveCfg = Release|Any CPU
		{D83885E0-9706-01D8-7610-3EA237BBA93E}.Release|Any CPU.Build.0 = Release|Any CPU
		{75944429-2AC5-02FB-B2CF-C0F7E2D5FACA}.Debug|Any CPU.ActiveCfg = Debug|Any CPU
		{75944429-2AC5-02FB-B2CF-C0F7E2D5FACA}.Debug|Any CPU.Build.0 = Debug|Any CPU
		{75944429-2AC5-02FB-B2CF-C0F7E2D5FACA}.Release|Any CPU.ActiveCfg = Release|Any CPU
		{75944429-2AC5-02FB-B2CF-C0F7E2D5FACA}.Release|Any CPU.Build.0 = Release|Any CPU
		{585D3CB9-9FB7-6BF3-B8AC-DA1BBBBCE31B}.Debug|Any CPU.ActiveCfg = Debug|Any CPU
		{585D3CB9-9FB7-6BF3-B8AC-DA1BBBBCE31B}.Debug|Any CPU.Build.0 = Debug|Any CPU
		{585D3CB9-9FB7-6BF3-B8AC-DA1BBBBCE31B}.Release|Any CPU.ActiveCfg = Release|Any CPU
		{585D3CB9-9FB7-6BF3-B8AC-DA1BBBBCE31B}.Release|Any CPU.Build.0 = Release|Any CPU
		{809B3E63-0C6B-82E8-0EE2-09131210E54B}.Debug|Any CPU.ActiveCfg = Debug|Any CPU
		{809B3E63-0C6B-82E8-0EE2-09131210E54B}.Debug|Any CPU.Build.0 = Debug|Any CPU
		{809B3E63-0C6B-82E8-0EE2-09131210E54B}.Release|Any CPU.ActiveCfg = Release|Any CPU
		{809B3E63-0C6B-82E8-0EE2-09131210E54B}.Release|Any CPU.Build.0 = Release|Any CPU
		{C748F898-5753-D8F2-CAA2-9D549A2F4EA8}.Debug|Any CPU.ActiveCfg = Debug|Any CPU
		{C748F898-5753-D8F2-CAA2-9D549A2F4EA8}.Debug|Any CPU.Build.0 = Debug|Any CPU
		{C748F898-5753-D8F2-CAA2-9D549A2F4EA8}.Release|Any CPU.ActiveCfg = Release|Any CPU
		{C748F898-5753-D8F2-CAA2-9D549A2F4EA8}.Release|Any CPU.Build.0 = Release|Any CPU
		{C3AF4E66-E622-58B9-BF8D-713B55FC6C0D}.Debug|Any CPU.ActiveCfg = Debug|Any CPU
		{C3AF4E66-E622-58B9-BF8D-713B55FC6C0D}.Debug|Any CPU.Build.0 = Debug|Any CPU
		{C3AF4E66-E622-58B9-BF8D-713B55FC6C0D}.Release|Any CPU.ActiveCfg = Release|Any CPU
		{C3AF4E66-E622-58B9-BF8D-713B55FC6C0D}.Release|Any CPU.Build.0 = Release|Any CPU
		{68D02028-222E-C7CC-A0A7-CB5A16CFF916}.Debug|Any CPU.ActiveCfg = Debug|Any CPU
		{68D02028-222E-C7CC-A0A7-CB5A16CFF916}.Debug|Any CPU.Build.0 = Debug|Any CPU
		{68D02028-222E-C7CC-A0A7-CB5A16CFF916}.Release|Any CPU.ActiveCfg = Release|Any CPU
		{68D02028-222E-C7CC-A0A7-CB5A16CFF916}.Release|Any CPU.Build.0 = Release|Any CPU
		{4484A67E-913A-BB4F-83A5-710CBB22616E}.Debug|Any CPU.ActiveCfg = Debug|Any CPU
		{4484A67E-913A-BB4F-83A5-710CBB22616E}.Debug|Any CPU.Build.0 = Debug|Any CPU
		{4484A67E-913A-BB4F-83A5-710CBB22616E}.Release|Any CPU.ActiveCfg = Release|Any CPU
		{4484A67E-913A-BB4F-83A5-710CBB22616E}.Release|Any CPU.Build.0 = Release|Any CPU
		{C8ECAA50-28D4-7711-BB81-6F2B711AE958}.Debug|Any CPU.ActiveCfg = Debug|Any CPU
		{C8ECAA50-28D4-7711-BB81-6F2B711AE958}.Debug|Any CPU.Build.0 = Debug|Any CPU
		{C8ECAA50-28D4-7711-BB81-6F2B711AE958}.Release|Any CPU.ActiveCfg = Release|Any CPU
		{C8ECAA50-28D4-7711-BB81-6F2B711AE958}.Release|Any CPU.Build.0 = Release|Any CPU
		{D29EA09A-A0CA-23F5-8D51-0B2E3099EE47}.Debug|Any CPU.ActiveCfg = Debug|Any CPU
		{D29EA09A-A0CA-23F5-8D51-0B2E3099EE47}.Debug|Any CPU.Build.0 = Debug|Any CPU
		{D29EA09A-A0CA-23F5-8D51-0B2E3099EE47}.Release|Any CPU.ActiveCfg = Release|Any CPU
		{D29EA09A-A0CA-23F5-8D51-0B2E3099EE47}.Release|Any CPU.Build.0 = Release|Any CPU
		{EAEEF70F-CD89-22F3-B4C0-7E237D5B9A6A}.Debug|Any CPU.ActiveCfg = Debug|Any CPU
		{EAEEF70F-CD89-22F3-B4C0-7E237D5B9A6A}.Debug|Any CPU.Build.0 = Debug|Any CPU
		{EAEEF70F-CD89-22F3-B4C0-7E237D5B9A6A}.Release|Any CPU.ActiveCfg = Release|Any CPU
		{EAEEF70F-CD89-22F3-B4C0-7E237D5B9A6A}.Release|Any CPU.Build.0 = Release|Any CPU
		{263FB119-BEF3-69BE-3147-2169AF76A101}.Debug|Any CPU.ActiveCfg = Debug|Any CPU
		{263FB119-BEF3-69BE-3147-2169AF76A101}.Debug|Any CPU.Build.0 = Debug|Any CPU
		{263FB119-BEF3-69BE-3147-2169AF76A101}.Release|Any CPU.ActiveCfg = Release|Any CPU
		{263FB119-BEF3-69BE-3147-2169AF76A101}.Release|Any CPU.Build.0 = Release|Any CPU
		{2D4C8902-E5E8-7871-8779-3E6668AF4B4E}.Debug|Any CPU.ActiveCfg = Debug|Any CPU
		{2D4C8902-E5E8-7871-8779-3E6668AF4B4E}.Debug|Any CPU.Build.0 = Debug|Any CPU
		{2D4C8902-E5E8-7871-8779-3E6668AF4B4E}.Release|Any CPU.ActiveCfg = Release|Any CPU
		{2D4C8902-E5E8-7871-8779-3E6668AF4B4E}.Release|Any CPU.Build.0 = Release|Any CPU
		{0094BE06-6B6E-C89D-62B6-C4EB8656F52C}.Debug|Any CPU.ActiveCfg = Debug|Any CPU
		{0094BE06-6B6E-C89D-62B6-C4EB8656F52C}.Debug|Any CPU.Build.0 = Debug|Any CPU
		{0094BE06-6B6E-C89D-62B6-C4EB8656F52C}.Release|Any CPU.ActiveCfg = Release|Any CPU
		{0094BE06-6B6E-C89D-62B6-C4EB8656F52C}.Release|Any CPU.Build.0 = Release|Any CPU
		{3D7E134F-B5F2-CE50-3FD6-8DB51F885E75}.Debug|Any CPU.ActiveCfg = Debug|Any CPU
		{3D7E134F-B5F2-CE50-3FD6-8DB51F885E75}.Debug|Any CPU.Build.0 = Debug|Any CPU
		{3D7E134F-B5F2-CE50-3FD6-8DB51F885E75}.Release|Any CPU.ActiveCfg = Release|Any CPU
		{3D7E134F-B5F2-CE50-3FD6-8DB51F885E75}.Release|Any CPU.Build.0 = Release|Any CPU
		{73722917-65D8-E82F-E693-8DDD090EC4B3}.Debug|Any CPU.ActiveCfg = Debug|Any CPU
		{73722917-65D8-E82F-E693-8DDD090EC4B3}.Debug|Any CPU.Build.0 = Debug|Any CPU
		{73722917-65D8-E82F-E693-8DDD090EC4B3}.Release|Any CPU.ActiveCfg = Release|Any CPU
		{73722917-65D8-E82F-E693-8DDD090EC4B3}.Release|Any CPU.Build.0 = Release|Any CPU
		{A7780DD3-51B7-2F27-0B9C-14E4A44D990D}.Debug|Any CPU.ActiveCfg = Debug|Any CPU
		{A7780DD3-51B7-2F27-0B9C-14E4A44D990D}.Debug|Any CPU.Build.0 = Debug|Any CPU
		{A7780DD3-51B7-2F27-0B9C-14E4A44D990D}.Release|Any CPU.ActiveCfg = Release|Any CPU
		{A7780DD3-51B7-2F27-0B9C-14E4A44D990D}.Release|Any CPU.Build.0 = Release|Any CPU
		{F4D4D8C2-8ECB-6D49-20EE-F2D7C97E5FE0}.Debug|Any CPU.ActiveCfg = Debug|Any CPU
		{F4D4D8C2-8ECB-6D49-20EE-F2D7C97E5FE0}.Debug|Any CPU.Build.0 = Debug|Any CPU
		{F4D4D8C2-8ECB-6D49-20EE-F2D7C97E5FE0}.Release|Any CPU.ActiveCfg = Release|Any CPU
		{F4D4D8C2-8ECB-6D49-20EE-F2D7C97E5FE0}.Release|Any CPU.Build.0 = Release|Any CPU
		{05506D3C-A1A9-8616-BA86-0587A10A65CF}.Debug|Any CPU.ActiveCfg = Debug|Any CPU
		{05506D3C-A1A9-8616-BA86-0587A10A65CF}.Debug|Any CPU.Build.0 = Debug|Any CPU
		{05506D3C-A1A9-8616-BA86-0587A10A65CF}.Release|Any CPU.ActiveCfg = Release|Any CPU
		{05506D3C-A1A9-8616-BA86-0587A10A65CF}.Release|Any CPU.Build.0 = Release|Any CPU
		{C2A8197A-43A4-0E12-F19C-B876225FF6C4}.Debug|Any CPU.ActiveCfg = Debug|Any CPU
		{C2A8197A-43A4-0E12-F19C-B876225FF6C4}.Debug|Any CPU.Build.0 = Debug|Any CPU
		{C2A8197A-43A4-0E12-F19C-B876225FF6C4}.Release|Any CPU.ActiveCfg = Release|Any CPU
		{C2A8197A-43A4-0E12-F19C-B876225FF6C4}.Release|Any CPU.Build.0 = Release|Any CPU
		{BF2E8DC9-EDC6-FBCD-181A-ECD4F166FA1A}.Debug|Any CPU.ActiveCfg = Debug|Any CPU
		{BF2E8DC9-EDC6-FBCD-181A-ECD4F166FA1A}.Debug|Any CPU.Build.0 = Debug|Any CPU
		{BF2E8DC9-EDC6-FBCD-181A-ECD4F166FA1A}.Release|Any CPU.ActiveCfg = Release|Any CPU
		{BF2E8DC9-EDC6-FBCD-181A-ECD4F166FA1A}.Release|Any CPU.Build.0 = Release|Any CPU
		{09FCD04B-DE9E-A165-BFD3-FD03F8CB9325}.Debug|Any CPU.ActiveCfg = Debug|Any CPU
		{09FCD04B-DE9E-A165-BFD3-FD03F8CB9325}.Debug|Any CPU.Build.0 = Debug|Any CPU
		{09FCD04B-DE9E-A165-BFD3-FD03F8CB9325}.Release|Any CPU.ActiveCfg = Release|Any CPU
		{09FCD04B-DE9E-A165-BFD3-FD03F8CB9325}.Release|Any CPU.Build.0 = Release|Any CPU
		{C5F009D1-C21A-A1AB-23C9-2C6D4AD4F727}.Debug|Any CPU.ActiveCfg = Debug|Any CPU
		{C5F009D1-C21A-A1AB-23C9-2C6D4AD4F727}.Debug|Any CPU.Build.0 = Debug|Any CPU
		{C5F009D1-C21A-A1AB-23C9-2C6D4AD4F727}.Release|Any CPU.ActiveCfg = Release|Any CPU
		{C5F009D1-C21A-A1AB-23C9-2C6D4AD4F727}.Release|Any CPU.Build.0 = Release|Any CPU
		{6DCA65DF-D2F3-4F8B-7501-E5823920FF52}.Debug|Any CPU.ActiveCfg = Debug|Any CPU
		{6DCA65DF-D2F3-4F8B-7501-E5823920FF52}.Debug|Any CPU.Build.0 = Debug|Any CPU
		{6DCA65DF-D2F3-4F8B-7501-E5823920FF52}.Release|Any CPU.ActiveCfg = Release|Any CPU
		{6DCA65DF-D2F3-4F8B-7501-E5823920FF52}.Release|Any CPU.Build.0 = Release|Any CPU
		{031275DE-499C-BE3C-DF41-369B49D51AB0}.Debug|Any CPU.ActiveCfg = Debug|Any CPU
		{031275DE-499C-BE3C-DF41-369B49D51AB0}.Debug|Any CPU.Build.0 = Debug|Any CPU
		{031275DE-499C-BE3C-DF41-369B49D51AB0}.Release|Any CPU.ActiveCfg = Release|Any CPU
		{031275DE-499C-BE3C-DF41-369B49D51AB0}.Release|Any CPU.Build.0 = Release|Any CPU
		{978C0F72-297C-E828-2D61-3F54F3115998}.Debug|Any CPU.ActiveCfg = Debug|Any CPU
		{978C0F72-297C-E828-2D61-3F54F3115998}.Debug|Any CPU.Build.0 = Debug|Any CPU
		{978C0F72-297C-E828-2D61-3F54F3115998}.Release|Any CPU.ActiveCfg = Release|Any CPU
		{978C0F72-297C-E828-2D61-3F54F3115998}.Release|Any CPU.Build.0 = Release|Any CPU
		{E3D94103-1BDC-D307-6537-31F5AF9E38A4}.Debug|Any CPU.ActiveCfg = Debug|Any CPU
		{E3D94103-1BDC-D307-6537-31F5AF9E38A4}.Debug|Any CPU.Build.0 = Debug|Any CPU
		{E3D94103-1BDC-D307-6537-31F5AF9E38A4}.Release|Any CPU.ActiveCfg = Release|Any CPU
		{E3D94103-1BDC-D307-6537-31F5AF9E38A4}.Release|Any CPU.Build.0 = Release|Any CPU
		{5EF711AC-6B17-3C0B-DAA8-5FF4B1C8B608}.Debug|Any CPU.ActiveCfg = Debug|Any CPU
		{5EF711AC-6B17-3C0B-DAA8-5FF4B1C8B608}.Debug|Any CPU.Build.0 = Debug|Any CPU
		{5EF711AC-6B17-3C0B-DAA8-5FF4B1C8B608}.Release|Any CPU.ActiveCfg = Release|Any CPU
		{5EF711AC-6B17-3C0B-DAA8-5FF4B1C8B608}.Release|Any CPU.Build.0 = Release|Any CPU
		{539A00AB-AEC8-C267-8FE2-4CDC138EDB2D}.Debug|Any CPU.ActiveCfg = Debug|Any CPU
		{539A00AB-AEC8-C267-8FE2-4CDC138EDB2D}.Debug|Any CPU.Build.0 = Debug|Any CPU
		{539A00AB-AEC8-C267-8FE2-4CDC138EDB2D}.Release|Any CPU.ActiveCfg = Release|Any CPU
		{539A00AB-AEC8-C267-8FE2-4CDC138EDB2D}.Release|Any CPU.Build.0 = Release|Any CPU
		{855F82C2-E9F7-76D1-73D9-DA294716AAE6}.Debug|Any CPU.ActiveCfg = Debug|Any CPU
		{855F82C2-E9F7-76D1-73D9-DA294716AAE6}.Debug|Any CPU.Build.0 = Debug|Any CPU
		{855F82C2-E9F7-76D1-73D9-DA294716AAE6}.Release|Any CPU.ActiveCfg = Release|Any CPU
		{855F82C2-E9F7-76D1-73D9-DA294716AAE6}.Release|Any CPU.Build.0 = Release|Any CPU
		{D0F11ECC-D191-9548-57EF-1719FE746AA4}.Debug|Any CPU.ActiveCfg = Debug|Any CPU
		{D0F11ECC-D191-9548-57EF-1719FE746AA4}.Debug|Any CPU.Build.0 = Debug|Any CPU
		{D0F11ECC-D191-9548-57EF-1719FE746AA4}.Release|Any CPU.ActiveCfg = Release|Any CPU
		{D0F11ECC-D191-9548-57EF-1719FE746AA4}.Release|Any CPU.Build.0 = Release|Any CPU
		{B5877545-15AD-5357-E66E-06A669836894}.Debug|Any CPU.ActiveCfg = Debug|Any CPU
		{B5877545-15AD-5357-E66E-06A669836894}.Debug|Any CPU.Build.0 = Debug|Any CPU
		{B5877545-15AD-5357-E66E-06A669836894}.Release|Any CPU.ActiveCfg = Release|Any CPU
		{B5877545-15AD-5357-E66E-06A669836894}.Release|Any CPU.Build.0 = Release|Any CPU
		{3214F16F-1884-1F2E-54A3-C5A28C741EBF}.Debug|Any CPU.ActiveCfg = Debug|Any CPU
		{3214F16F-1884-1F2E-54A3-C5A28C741EBF}.Debug|Any CPU.Build.0 = Debug|Any CPU
		{3214F16F-1884-1F2E-54A3-C5A28C741EBF}.Release|Any CPU.ActiveCfg = Release|Any CPU
		{3214F16F-1884-1F2E-54A3-C5A28C741EBF}.Release|Any CPU.Build.0 = Release|Any CPU
		{5B3FD80F-7881-C543-4B7C-F091C24107B8}.Debug|Any CPU.ActiveCfg = Debug|Any CPU
		{5B3FD80F-7881-C543-4B7C-F091C24107B8}.Debug|Any CPU.Build.0 = Debug|Any CPU
		{5B3FD80F-7881-C543-4B7C-F091C24107B8}.Release|Any CPU.ActiveCfg = Release|Any CPU
		{5B3FD80F-7881-C543-4B7C-F091C24107B8}.Release|Any CPU.Build.0 = Release|Any CPU
		{37ED6369-0412-6CF5-996F-F489DE42A337}.Debug|Any CPU.ActiveCfg = Debug|Any CPU
		{37ED6369-0412-6CF5-996F-F489DE42A337}.Debug|Any CPU.Build.0 = Debug|Any CPU
		{37ED6369-0412-6CF5-996F-F489DE42A337}.Release|Any CPU.ActiveCfg = Release|Any CPU
		{37ED6369-0412-6CF5-996F-F489DE42A337}.Release|Any CPU.Build.0 = Release|Any CPU
		{5B31A372-B219-0B93-10E8-70C21A4809BD}.Debug|Any CPU.ActiveCfg = Debug|Any CPU
		{5B31A372-B219-0B93-10E8-70C21A4809BD}.Debug|Any CPU.Build.0 = Debug|Any CPU
		{5B31A372-B219-0B93-10E8-70C21A4809BD}.Release|Any CPU.ActiveCfg = Release|Any CPU
		{5B31A372-B219-0B93-10E8-70C21A4809BD}.Release|Any CPU.Build.0 = Release|Any CPU
		{76DD8750-2C4B-DD2D-D79A-9333DBAAB799}.Debug|Any CPU.ActiveCfg = Debug|Any CPU
		{76DD8750-2C4B-DD2D-D79A-9333DBAAB799}.Debug|Any CPU.Build.0 = Debug|Any CPU
		{76DD8750-2C4B-DD2D-D79A-9333DBAAB799}.Release|Any CPU.ActiveCfg = Release|Any CPU
		{76DD8750-2C4B-DD2D-D79A-9333DBAAB799}.Release|Any CPU.Build.0 = Release|Any CPU
		{0784BB37-2D22-27FC-2111-F0DA8599774D}.Debug|Any CPU.ActiveCfg = Debug|Any CPU
		{0784BB37-2D22-27FC-2111-F0DA8599774D}.Debug|Any CPU.Build.0 = Debug|Any CPU
		{0784BB37-2D22-27FC-2111-F0DA8599774D}.Release|Any CPU.ActiveCfg = Release|Any CPU
		{0784BB37-2D22-27FC-2111-F0DA8599774D}.Release|Any CPU.Build.0 = Release|Any CPU
		{0F0FA885-933E-45DB-C1F8-0B95FCACBC0A}.Debug|Any CPU.ActiveCfg = Debug|Any CPU
		{0F0FA885-933E-45DB-C1F8-0B95FCACBC0A}.Debug|Any CPU.Build.0 = Debug|Any CPU
		{0F0FA885-933E-45DB-C1F8-0B95FCACBC0A}.Release|Any CPU.ActiveCfg = Release|Any CPU
		{0F0FA885-933E-45DB-C1F8-0B95FCACBC0A}.Release|Any CPU.Build.0 = Release|Any CPU
		{EB0E5E07-7BAC-BDF2-D513-3F21A5E87487}.Debug|Any CPU.ActiveCfg = Debug|Any CPU
		{EB0E5E07-7BAC-BDF2-D513-3F21A5E87487}.Debug|Any CPU.Build.0 = Debug|Any CPU
		{EB0E5E07-7BAC-BDF2-D513-3F21A5E87487}.Release|Any CPU.ActiveCfg = Release|Any CPU
		{EB0E5E07-7BAC-BDF2-D513-3F21A5E87487}.Release|Any CPU.Build.0 = Release|Any CPU
		{AD672966-7293-B7DA-1570-590264921A3A}.Debug|Any CPU.ActiveCfg = Debug|Any CPU
		{AD672966-7293-B7DA-1570-590264921A3A}.Debug|Any CPU.Build.0 = Debug|Any CPU
		{AD672966-7293-B7DA-1570-590264921A3A}.Release|Any CPU.ActiveCfg = Release|Any CPU
		{AD672966-7293-B7DA-1570-590264921A3A}.Release|Any CPU.Build.0 = Release|Any CPU
		{57301946-AC7A-25A3-A0A6-E05D821683A8}.Debug|Any CPU.ActiveCfg = Debug|Any CPU
		{57301946-AC7A-25A3-A0A6-E05D821683A8}.Debug|Any CPU.Build.0 = Debug|Any CPU
		{57301946-AC7A-25A3-A0A6-E05D821683A8}.Release|Any CPU.ActiveCfg = Release|Any CPU
		{57301946-AC7A-25A3-A0A6-E05D821683A8}.Release|Any CPU.Build.0 = Release|Any CPU
		{9B127C61-4BED-885A-0709-56E75E85D0DB}.Debug|Any CPU.ActiveCfg = Debug|Any CPU
		{9B127C61-4BED-885A-0709-56E75E85D0DB}.Debug|Any CPU.Build.0 = Debug|Any CPU
		{9B127C61-4BED-885A-0709-56E75E85D0DB}.Release|Any CPU.ActiveCfg = Release|Any CPU
		{9B127C61-4BED-885A-0709-56E75E85D0DB}.Release|Any CPU.Build.0 = Release|Any CPU
		{C3C928D2-D344-BFEC-1FAF-330081E23C9B}.Debug|Any CPU.ActiveCfg = Debug|Any CPU
		{C3C928D2-D344-BFEC-1FAF-330081E23C9B}.Debug|Any CPU.Build.0 = Debug|Any CPU
		{C3C928D2-D344-BFEC-1FAF-330081E23C9B}.Release|Any CPU.ActiveCfg = Release|Any CPU
		{C3C928D2-D344-BFEC-1FAF-330081E23C9B}.Release|Any CPU.Build.0 = Release|Any CPU
		{E15A7AD9-BA4B-AA5D-CA2E-98FB34E4F412}.Debug|Any CPU.ActiveCfg = Debug|Any CPU
		{E15A7AD9-BA4B-AA5D-CA2E-98FB34E4F412}.Debug|Any CPU.Build.0 = Debug|Any CPU
		{E15A7AD9-BA4B-AA5D-CA2E-98FB34E4F412}.Release|Any CPU.ActiveCfg = Release|Any CPU
		{E15A7AD9-BA4B-AA5D-CA2E-98FB34E4F412}.Release|Any CPU.Build.0 = Release|Any CPU
		{724901CD-BA1B-1388-502A-3F6F908164F6}.Debug|Any CPU.ActiveCfg = Debug|Any CPU
		{724901CD-BA1B-1388-502A-3F6F908164F6}.Debug|Any CPU.Build.0 = Debug|Any CPU
		{724901CD-BA1B-1388-502A-3F6F908164F6}.Release|Any CPU.ActiveCfg = Release|Any CPU
		{724901CD-BA1B-1388-502A-3F6F908164F6}.Release|Any CPU.Build.0 = Release|Any CPU
		{E226B13F-7D6D-EC3C-D200-37507865AB00}.Debug|Any CPU.ActiveCfg = Debug|Any CPU
		{E226B13F-7D6D-EC3C-D200-37507865AB00}.Debug|Any CPU.Build.0 = Debug|Any CPU
		{E226B13F-7D6D-EC3C-D200-37507865AB00}.Release|Any CPU.ActiveCfg = Release|Any CPU
		{E226B13F-7D6D-EC3C-D200-37507865AB00}.Release|Any CPU.Build.0 = Release|Any CPU
	EndGlobalSection
	GlobalSection(SolutionProperties) = preSolution
		HideSolutionNode = FALSE
	EndGlobalSection
EndGlobal
